Microsoft Visual Studio Solution File, Format Version 12.00
# Visual Studio 15
VisualStudioVersion = 15.0.27004.2009
MinimumVisualStudioVersion = 15.0.26124.0
Project("{2150E333-8FDC-42A3-9474-1A3956D46DE8}") = "src", "src", "{68F170E3-8A4D-4357-B74F-780D550C1068}"
EndProject
Project("{9A19103F-16F7-4668-BE54-9A1E7A4F7556}") = "NExifTool", "src\NExifTool\NExifTool.csproj", "{6FF75585-C0B7-4062-AB1A-080BBE8D6F14}"
EndProject
Project("{2150E333-8FDC-42A3-9474-1A3956D46DE8}") = "test", "test", "{8898E227-86C8-4518-9930-A07AFD95D902}"
EndProject
Project("{9A19103F-16F7-4668-BE54-9A1E7A4F7556}") = "NExifTool.Tests", "test\NExifTool.Tests\NExifTool.Tests.csproj", "{FD1A8ECA-5778-489C-8E02-9831FD755FCD}"
EndProject
Project("{2150E333-8FDC-42A3-9474-1A3956D46DE8}") = "tools", "tools", "{0367289E-50B6-4533-8B04-CBCDEA3C5652}"
EndProject
Project("{9A19103F-16F7-4668-BE54-9A1E7A4F7556}") = "xslt", "tools\xslt\xslt.csproj", "{4C5AF5F3-5604-488F-BA1A-3224C69EF540}"
EndProject
Global
	GlobalSection(SolutionConfigurationPlatforms) = preSolution
		Debug|Any CPU = Debug|Any CPU
		Debug|x64 = Debug|x64
		Debug|x86 = Debug|x86
		Release|Any CPU = Release|Any CPU
		Release|x64 = Release|x64
		Release|x86 = Release|x86
	EndGlobalSection
	GlobalSection(ProjectConfigurationPlatforms) = postSolution
		{6FF75585-C0B7-4062-AB1A-080BBE8D6F14}.Debug|Any CPU.ActiveCfg = Debug|Any CPU
		{6FF75585-C0B7-4062-AB1A-080BBE8D6F14}.Debug|Any CPU.Build.0 = Debug|Any CPU
		{6FF75585-C0B7-4062-AB1A-080BBE8D6F14}.Debug|x64.ActiveCfg = Debug|Any CPU
		{6FF75585-C0B7-4062-AB1A-080BBE8D6F14}.Debug|x64.Build.0 = Debug|Any CPU
		{6FF75585-C0B7-4062-AB1A-080BBE8D6F14}.Debug|x86.ActiveCfg = Debug|Any CPU
		{6FF75585-C0B7-4062-AB1A-080BBE8D6F14}.Debug|x86.Build.0 = Debug|Any CPU
		{6FF75585-C0B7-4062-AB1A-080BBE8D6F14}.Release|Any CPU.ActiveCfg = Release|Any CPU
		{6FF75585-C0B7-4062-AB1A-080BBE8D6F14}.Release|Any CPU.Build.0 = Release|Any CPU
		{6FF75585-C0B7-4062-AB1A-080BBE8D6F14}.Release|x64.ActiveCfg = Release|Any CPU
		{6FF75585-C0B7-4062-AB1A-080BBE8D6F14}.Release|x64.Build.0 = Release|Any CPU
		{6FF75585-C0B7-4062-AB1A-080BBE8D6F14}.Release|x86.ActiveCfg = Release|Any CPU
		{6FF75585-C0B7-4062-AB1A-080BBE8D6F14}.Release|x86.Build.0 = Release|Any CPU
		{FD1A8ECA-5778-489C-8E02-9831FD755FCD}.Debug|Any CPU.ActiveCfg = Debug|Any CPU
		{FD1A8ECA-5778-489C-8E02-9831FD755FCD}.Debug|Any CPU.Build.0 = Debug|Any CPU
		{FD1A8ECA-5778-489C-8E02-9831FD755FCD}.Debug|x64.ActiveCfg = Debug|Any CPU
		{FD1A8ECA-5778-489C-8E02-9831FD755FCD}.Debug|x64.Build.0 = Debug|Any CPU
		{FD1A8ECA-5778-489C-8E02-9831FD755FCD}.Debug|x86.ActiveCfg = Debug|Any CPU
		{FD1A8ECA-5778-489C-8E02-9831FD755FCD}.Debug|x86.Build.0 = Debug|Any CPU
		{FD1A8ECA-5778-489C-8E02-9831FD755FCD}.Release|Any CPU.ActiveCfg = Release|Any CPU
		{FD1A8ECA-5778-489C-8E02-9831FD755FCD}.Release|Any CPU.Build.0 = Release|Any CPU
		{FD1A8ECA-5778-489C-8E02-9831FD755FCD}.Release|x64.ActiveCfg = Release|Any CPU
		{FD1A8ECA-5778-489C-8E02-9831FD755FCD}.Release|x64.Build.0 = Release|Any CPU
		{FD1A8ECA-5778-489C-8E02-9831FD755FCD}.Release|x86.ActiveCfg = Release|Any CPU
		{FD1A8ECA-5778-489C-8E02-9831FD755FCD}.Release|x86.Build.0 = Release|Any CPU
		{4C5AF5F3-5604-488F-BA1A-3224C69EF540}.Debug|Any CPU.ActiveCfg = Debug|Any CPU
		{4C5AF5F3-5604-488F-BA1A-3224C69EF540}.Debug|Any CPU.Build.0 = Debug|Any CPU
		{4C5AF5F3-5604-488F-BA1A-3224C69EF540}.Debug|x64.ActiveCfg = Debug|Any CPU
		{4C5AF5F3-5604-488F-BA1A-3224C69EF540}.Debug|x64.Build.0 = Debug|Any CPU
		{4C5AF5F3-5604-488F-BA1A-3224C69EF540}.Debug|x86.ActiveCfg = Debug|Any CPU
		{4C5AF5F3-5604-488F-BA1A-3224C69EF540}.Debug|x86.Build.0 = Debug|Any CPU
		{4C5AF5F3-5604-488F-BA1A-3224C69EF540}.Release|Any CPU.ActiveCfg = Release|Any CPU
		{4C5AF5F3-5604-488F-BA1A-3224C69EF540}.Release|Any CPU.Build.0 = Release|Any CPU
		{4C5AF5F3-5604-488F-BA1A-3224C69EF540}.Release|x64.ActiveCfg = Release|Any CPU
		{4C5AF5F3-5604-488F-BA1A-3224C69EF540}.Release|x64.Build.0 = Release|Any CPU
		{4C5AF5F3-5604-488F-BA1A-3224C69EF540}.Release|x86.ActiveCfg = Release|Any CPU
		{4C5AF5F3-5604-488F-BA1A-3224C69EF540}.Release|x86.Build.0 = Release|Any CPU
	EndGlobalSection
	GlobalSection(SolutionProperties) = preSolution
		HideSolutionNode = FALSE
	EndGlobalSection
	GlobalSection(NestedProjects) = preSolution
		{6FF75585-C0B7-4062-AB1A-080BBE8D6F14} = {68F170E3-8A4D-4357-B74F-780D550C1068}
		{FD1A8ECA-5778-489C-8E02-9831FD755FCD} = {8898E227-86C8-4518-9930-A07AFD95D902}
		{4C5AF5F3-5604-488F-BA1A-3224C69EF540} = {0367289E-50B6-4533-8B04-CBCDEA3C5652}
	EndGlobalSection
	GlobalSection(ExtensibilityGlobals) = postSolution
		SolutionGuid = {1D33FA4E-2252-481F-82C5-92F44078EA2B}
	EndGlobalSection
EndGlobal
